
Microsoft Visual Studio Solution File, Format Version 12.00
# Visual Studio 15
VisualStudioVersion = 15.0.28307.1022
MinimumVisualStudioVersion = 10.0.40219.1
Project("{888888A0-9F3D-457C-B088-3A5042F75D52}") = "nlp_with_nltk", "nlp_with_nltk\nlp_with_nltk.pyproj", "{E8DB5B0C-75A3-494E-B179-0EE5F26CB636}"
EndProject
Global
	GlobalSection(SolutionConfigurationPlatforms) = preSolution
		Debug|Any CPU = Debug|Any CPU
		Release|Any CPU = Release|Any CPU
	EndGlobalSection
	GlobalSection(ProjectConfigurationPlatforms) = postSolution
		{E8DB5B0C-75A3-494E-B179-0EE5F26CB636}.Debug|Any CPU.ActiveCfg = Debug|Any CPU
		{E8DB5B0C-75A3-494E-B179-0EE5F26CB636}.Release|Any CPU.ActiveCfg = Release|Any CPU
	EndGlobalSection
	GlobalSection(SolutionProperties) = preSolution
		HideSolutionNode = FALSE
	EndGlobalSection
	GlobalSection(ExtensibilityGlobals) = postSolution
		SolutionGuid = {BABFE88C-3FC4-4343-BA92-2D6CC7200341}
	EndGlobalSection
EndGlobal
